
Microsoft Visual Studio Solution File, Format Version 11.00
# Visual Studio 2010
Project("{2150E333-8FDC-42A3-9474-1A3956D46DE8}") = "Solution Items", "Solution Items", "{CB9A8F4A-60CC-4A68-B246-FB3EF2890B87}"
	ProjectSection(SolutionItems) = preProject
		..\HTMLPage.htm = ..\HTMLPage.htm
	EndProjectSection
EndProject
Global
	GlobalSection(SolutionProperties) = preSolution
		HideSolutionNode = FALSE
	EndGlobalSection
EndGlobal
